
Microsoft Visual Studio Solution File, Format Version 12.00
# Visual Studio Version 16
VisualStudioVersion = 16.0.31911.196
MinimumVisualStudioVersion = 10.0.40219.1
Project("{9A19103F-16F7-4668-BE54-9A1E7A4F7556}") = "Calculator.Core", "Calculator.Core\Calculator.Core.csproj", "{D66846CD-D624-4D32-8EE0-FB7EFF36E0B5}"
EndProject
Global
	GlobalSection(SolutionConfigurationPlatforms) = preSolution
		Debug|Any CPU = Debug|Any CPU
		Release|Any CPU = Release|Any CPU
	EndGlobalSection
	GlobalSection(ProjectConfigurationPlatforms) = postSolution
		{D66846CD-D624-4D32-8EE0-FB7EFF36E0B5}.Debug|Any CPU.ActiveCfg = Debug|Any CPU
		{D66846CD-D624-4D32-8EE0-FB7EFF36E0B5}.Debug|Any CPU.Build.0 = Debug|Any CPU
		{D66846CD-D624-4D32-8EE0-FB7EFF36E0B5}.Release|Any CPU.ActiveCfg = Release|Any CPU
		{D66846CD-D624-4D32-8EE0-FB7EFF36E0B5}.Release|Any CPU.Build.0 = Release|Any CPU
	EndGlobalSection
	GlobalSection(SolutionProperties) = preSolution
		HideSolutionNode = FALSE
	EndGlobalSection
	GlobalSection(ExtensibilityGlobals) = postSolution
		SolutionGuid = {7EF7D03C-017B-495F-B228-3CA81669672B}
	EndGlobalSection
EndGlobal
